
Microsoft Visual Studio Solution File, Format Version 12.00
# Visual Studio 15
Project("{FAE04EC0-301F-11D3-BF4B-00C04F79EFBC}") = "Assembly-CSharp", "Assembly-CSharp.csproj", "{4F05BC39-B585-7D1F-DA9E-918A78D3740E}"
EndProject
Project("{FAE04EC0-301F-11D3-BF4B-00C04F79EFBC}") = "Assembly-CSharp-firstpass", "Assembly-CSharp-firstpass.csproj", "{5FB45C2C-FB8B-3890-96AE-741458943838}"
EndProject
Project("{FAE04EC0-301F-11D3-BF4B-00C04F79EFBC}") = "Assembly-CSharp-Editor-firstpass", "Assembly-CSharp-Editor-firstpass.csproj", "{79D4B3C4-0C7D-605C-2C23-240F27343CE1}"
EndProject
Global
	GlobalSection(SolutionConfigurationPlatforms) = preSolution
		Debug|Any CPU = Debug|Any CPU
		Release|Any CPU = Release|Any CPU
	EndGlobalSection
	GlobalSection(ProjectConfigurationPlatforms) = postSolution
		{4F05BC39-B585-7D1F-DA9E-918A78D3740E}.Debug|Any CPU.ActiveCfg = Debug|Any CPU
		{4F05BC39-B585-7D1F-DA9E-918A78D3740E}.Debug|Any CPU.Build.0 = Debug|Any CPU
		{4F05BC39-B585-7D1F-DA9E-918A78D3740E}.Release|Any CPU.ActiveCfg = Release|Any CPU
		{4F05BC39-B585-7D1F-DA9E-918A78D3740E}.Release|Any CPU.Build.0 = Release|Any CPU
		{5FB45C2C-FB8B-3890-96AE-741458943838}.Debug|Any CPU.ActiveCfg = Debug|Any CPU
		{5FB45C2C-FB8B-3890-96AE-741458943838}.Debug|Any CPU.Build.0 = Debug|Any CPU
		{5FB45C2C-FB8B-3890-96AE-741458943838}.Release|Any CPU.ActiveCfg = Release|Any CPU
		{5FB45C2C-FB8B-3890-96AE-741458943838}.Release|Any CPU.Build.0 = Release|Any CPU
		{79D4B3C4-0C7D-605C-2C23-240F27343CE1}.Debug|Any CPU.ActiveCfg = Debug|Any CPU
		{79D4B3C4-0C7D-605C-2C23-240F27343CE1}.Debug|Any CPU.Build.0 = Debug|Any CPU
		{79D4B3C4-0C7D-605C-2C23-240F27343CE1}.Release|Any CPU.ActiveCfg = Release|Any CPU
		{79D4B3C4-0C7D-605C-2C23-240F27343CE1}.Release|Any CPU.Build.0 = Release|Any CPU
	EndGlobalSection
	GlobalSection(SolutionProperties) = preSolution
		HideSolutionNode = FALSE
	EndGlobalSection
EndGlobal
